
Microsoft Visual Studio Solution File, Format Version 12.00
# Visual Studio 14
VisualStudioVersion = 14.0.25420.1
MinimumVisualStudioVersion = 10.0.40219.1
Project("{2150E333-8FDC-42A3-9474-1A3956D46DE8}") = "Data", "Data", "{76750B39-8608-4A73-9E6D-A4CA910B0862}"
EndProject
Project("{2150E333-8FDC-42A3-9474-1A3956D46DE8}") = "Business", "Business", "{BE169D59-0193-484F-BF9D-0B578F610F32}"
EndProject
Project("{2150E333-8FDC-42A3-9474-1A3956D46DE8}") = "Presentation", "Presentation", "{83677224-9D9D-44C0-898A-6AD5FCCCA2E9}"
EndProject
Project("{2150E333-8FDC-42A3-9474-1A3956D46DE8}") = "Shared", "Shared", "{9A2E19B9-04EE-4E57-95ED-1F67ABF62CF5}"
EndProject
Project("{2150E333-8FDC-42A3-9474-1A3956D46DE8}") = "Tests", "Tests", "{D70E5D60-3B99-4B7E-9AB8-CE914E79D33C}"
EndProject
Project("{FAE04EC0-301F-11D3-BF4B-00C04F79EFBC}") = "Lppa.Framework", "Shared\Lppa.Framework\Lppa.Framework.csproj", "{52AD26CB-1207-4147-9728-E9C5D6D2DE85}"
EndProject
Project("{FAE04EC0-301F-11D3-BF4B-00C04F79EFBC}") = "Lppa.Entities", "Shared\Lppa.Entities\Lppa.Entities.csproj", "{ADF8BD8B-5CB1-47A5-A9BB-F85DCD93DCA5}"
EndProject
Project("{FAE04EC0-301F-11D3-BF4B-00C04F79EFBC}") = "Lppa.Data", "Data\Lppa.Data\Lppa.Data.csproj", "{716A9341-3C73-4EC4-A28C-75D69B4D115B}"
EndProject
Project("{FAE04EC0-301F-11D3-BF4B-00C04F79EFBC}") = "Lppa.Business", "Business\Lppa.Business\Lppa.Business.csproj", "{2461B0AA-8C2F-4131-8894-0D1292EC820D}"
EndProject
Project("{FAE04EC0-301F-11D3-BF4B-00C04F79EFBC}") = "Lppa.UI.Process", "Presentation\Lppa.UI.Process\Lppa.UI.Process.csproj", "{C012F673-E586-47C3-B7E3-C11C86C28F2B}"
EndProject
Project("{FAE04EC0-301F-11D3-BF4B-00C04F79EFBC}") = "Lppa.UI.Web", "Presentation\Lppa.UI.Web\Lppa.UI.Web.csproj", "{A4AED765-7A4D-4DA2-9FAF-C75B4B749237}"
EndProject
Project("{FAE04EC0-301F-11D3-BF4B-00C04F79EFBC}") = "Lppa.Test", "Tests\Lppa.Test\Lppa.Test.csproj", "{6F775B93-D041-4F7D-B995-41223356B3BD}"
EndProject
Global
	GlobalSection(SolutionConfigurationPlatforms) = preSolution
		Debug|Any CPU = Debug|Any CPU
		Release|Any CPU = Release|Any CPU
	EndGlobalSection
	GlobalSection(ProjectConfigurationPlatforms) = postSolution
		{52AD26CB-1207-4147-9728-E9C5D6D2DE85}.Debug|Any CPU.ActiveCfg = Debug|Any CPU
		{52AD26CB-1207-4147-9728-E9C5D6D2DE85}.Debug|Any CPU.Build.0 = Debug|Any CPU
		{52AD26CB-1207-4147-9728-E9C5D6D2DE85}.Release|Any CPU.ActiveCfg = Release|Any CPU
		{52AD26CB-1207-4147-9728-E9C5D6D2DE85}.Release|Any CPU.Build.0 = Release|Any CPU
		{ADF8BD8B-5CB1-47A5-A9BB-F85DCD93DCA5}.Debug|Any CPU.ActiveCfg = Debug|Any CPU
		{ADF8BD8B-5CB1-47A5-A9BB-F85DCD93DCA5}.Debug|Any CPU.Build.0 = Debug|Any CPU
		{ADF8BD8B-5CB1-47A5-A9BB-F85DCD93DCA5}.Release|Any CPU.ActiveCfg = Release|Any CPU
		{ADF8BD8B-5CB1-47A5-A9BB-F85DCD93DCA5}.Release|Any CPU.Build.0 = Release|Any CPU
		{716A9341-3C73-4EC4-A28C-75D69B4D115B}.Debug|Any CPU.ActiveCfg = Debug|Any CPU
		{716A9341-3C73-4EC4-A28C-75D69B4D115B}.Debug|Any CPU.Build.0 = Debug|Any CPU
		{716A9341-3C73-4EC4-A28C-75D69B4D115B}.Release|Any CPU.ActiveCfg = Release|Any CPU
		{716A9341-3C73-4EC4-A28C-75D69B4D115B}.Release|Any CPU.Build.0 = Release|Any CPU
		{2461B0AA-8C2F-4131-8894-0D1292EC820D}.Debug|Any CPU.ActiveCfg = Debug|Any CPU
		{2461B0AA-8C2F-4131-8894-0D1292EC820D}.Debug|Any CPU.Build.0 = Debug|Any CPU
		{2461B0AA-8C2F-4131-8894-0D1292EC820D}.Release|Any CPU.ActiveCfg = Release|Any CPU
		{2461B0AA-8C2F-4131-8894-0D1292EC820D}.Release|Any CPU.Build.0 = Release|Any CPU
		{C012F673-E586-47C3-B7E3-C11C86C28F2B}.Debug|Any CPU.ActiveCfg = Debug|Any CPU
		{C012F673-E586-47C3-B7E3-C11C86C28F2B}.Debug|Any CPU.Build.0 = Debug|Any CPU
		{C012F673-E586-47C3-B7E3-C11C86C28F2B}.Release|Any CPU.ActiveCfg = Release|Any CPU
		{C012F673-E586-47C3-B7E3-C11C86C28F2B}.Release|Any CPU.Build.0 = Release|Any CPU
		{A4AED765-7A4D-4DA2-9FAF-C75B4B749237}.Debug|Any CPU.ActiveCfg = Debug|Any CPU
		{A4AED765-7A4D-4DA2-9FAF-C75B4B749237}.Debug|Any CPU.Build.0 = Debug|Any CPU
		{A4AED765-7A4D-4DA2-9FAF-C75B4B749237}.Release|Any CPU.ActiveCfg = Release|Any CPU
		{A4AED765-7A4D-4DA2-9FAF-C75B4B749237}.Release|Any CPU.Build.0 = Release|Any CPU
		{6F775B93-D041-4F7D-B995-41223356B3BD}.Debug|Any CPU.ActiveCfg = Debug|Any CPU
		{6F775B93-D041-4F7D-B995-41223356B3BD}.Debug|Any CPU.Build.0 = Debug|Any CPU
		{6F775B93-D041-4F7D-B995-41223356B3BD}.Release|Any CPU.ActiveCfg = Release|Any CPU
		{6F775B93-D041-4F7D-B995-41223356B3BD}.Release|Any CPU.Build.0 = Release|Any CPU
	EndGlobalSection
	GlobalSection(SolutionProperties) = preSolution
		HideSolutionNode = FALSE
	EndGlobalSection
	GlobalSection(NestedProjects) = preSolution
		{52AD26CB-1207-4147-9728-E9C5D6D2DE85} = {9A2E19B9-04EE-4E57-95ED-1F67ABF62CF5}
		{ADF8BD8B-5CB1-47A5-A9BB-F85DCD93DCA5} = {9A2E19B9-04EE-4E57-95ED-1F67ABF62CF5}
		{716A9341-3C73-4EC4-A28C-75D69B4D115B} = {76750B39-8608-4A73-9E6D-A4CA910B0862}
		{2461B0AA-8C2F-4131-8894-0D1292EC820D} = {BE169D59-0193-484F-BF9D-0B578F610F32}
		{C012F673-E586-47C3-B7E3-C11C86C28F2B} = {83677224-9D9D-44C0-898A-6AD5FCCCA2E9}
		{A4AED765-7A4D-4DA2-9FAF-C75B4B749237} = {83677224-9D9D-44C0-898A-6AD5FCCCA2E9}
		{6F775B93-D041-4F7D-B995-41223356B3BD} = {D70E5D60-3B99-4B7E-9AB8-CE914E79D33C}
	EndGlobalSection
EndGlobal
